// !$*UTF8*$!
{
	archiveVersion = 1;
	classes = {
	};
	objectVersion = 77;
	objects = {

/* Begin PBXBuildFile section */
		0590F84E2E4CB19400CEFF37 /* RxCocoa in Frameworks */ = {isa = PBXBuildFile; productRef = 0590F84D2E4CB19400CEFF37 /* RxCocoa */; };
		0590F8502E4CB19400CEFF37 /* RxRelay in Frameworks */ = {isa = PBXBuildFile; productRef = 0590F84F2E4CB19400CEFF37 /* RxRelay */; };
		0590F8522E4CB19400CEFF37 /* RxSwift in Frameworks */ = {isa = PBXBuildFile; productRef = 0590F8512E4CB19400CEFF37 /* RxSwift */; };
		0590F8802E4CCBFD00CEFF37 /* RxAlamofire in Frameworks */ = {isa = PBXBuildFile; productRef = 0590F87F2E4CCBFD00CEFF37 /* RxAlamofire */; };
		0590F8912E4CFC3B00CEFF37 /* Kingfisher in Frameworks */ = {isa = PBXBuildFile; productRef = 0590F8902E4CFC3B00CEFF37 /* Kingfisher */; };
		0590F8A72E4D0E1100CEFF37 /* Alamofire in Frameworks */ = {isa = PBXBuildFile; productRef = 0590F8A62E4D0E1100CEFF37 /* Alamofire */; };
/* End PBXBuildFile section */

/* Begin PBXFileReference section */
		0590F81B2E4CAF0700CEFF37 /* DotaHeroes.app */ = {isa = PBXFileReference; explicitFileType = wrapper.application; includeInIndex = 0; path = DotaHeroes.app; sourceTree = BUILT_PRODUCTS_DIR; };
/* End PBXFileReference section */

/* Begin PBXFileSystemSynchronizedBuildFileExceptionSet section */
		0590F82D2E4CAF0900CEFF37 /* Exceptions for "DotaHeroes" folder in "DotaHeroes" target */ = {
			isa = PBXFileSystemSynchronizedBuildFileExceptionSet;
			membershipExceptions = (
				Info.plist,
			);
			target = 0590F81A2E4CAF0700CEFF37 /* DotaHeroes */;
		};
/* End PBXFileSystemSynchronizedBuildFileExceptionSet section */

/* Begin PBXFileSystemSynchronizedRootGroup section */
		0590F81D2E4CAF0700CEFF37 /* DotaHeroes */ = {
			isa = PBXFileSystemSynchronizedRootGroup;
			exceptions = (
				0590F82D2E4CAF0900CEFF37 /* Exceptions for "DotaHeroes" folder in "DotaHeroes" target */,
			);
			path = DotaHeroes;
			sourceTree = "<group>";
		};
/* End PBXFileSystemSynchronizedRootGroup section */

/* Begin PBXFrameworksBuildPhase section */
		0590F8182E4CAF0700CEFF37 /* Frameworks */ = {
			isa = PBXFrameworksBuildPhase;
			buildActionMask = 2147483647;
			files = (
				0590F8A72E4D0E1100CEFF37 /* Alamofire in Frameworks */,
				0590F8522E4CB19400CEFF37 /* RxSwift in Frameworks */,
				0590F8502E4CB19400CEFF37 /* RxRelay in Frameworks */,
				0590F8912E4CFC3B00CEFF37 /* Kingfisher in Frameworks */,
				0590F8802E4CCBFD00CEFF37 /* RxAlamofire in Frameworks */,
				0590F84E2E4CB19400CEFF37 /* RxCocoa in Frameworks */,
			);
			runOnlyForDeploymentPostprocessing = 0;
		};
/* End PBXFrameworksBuildPhase section */

/* Begin PBXGroup section */
		0590F8122E4CAF0700CEFF37 = {
			isa = PBXGroup;
			children = (
				0590F81D2E4CAF0700CEFF37 /* DotaHeroes */,
				0590F81C2E4CAF0700CEFF37 /* Products */,
			);
			sourceTree = "<group>";
		};
		0590F81C2E4CAF0700CEFF37 /* Products */ = {
			isa = PBXGroup;
			children = (
				0590F81B2E4CAF0700CEFF37 /* DotaHeroes.app */,
			);
			name = Products;
			sourceTree = "<group>";
		};
/* End PBXGroup section */

/* Begin PBXNativeTarget section */
		0590F81A2E4CAF0700CEFF37 /* DotaHeroes */ = {
			isa = PBXNativeTarget;
			buildConfigurationList = 0590F82E2E4CAF0900CEFF37 /* Build configuration list for PBXNativeTarget "DotaHeroes" */;
			buildPhases = (
				0590F8172E4CAF0700CEFF37 /* Sources */,
				0590F8182E4CAF0700CEFF37 /* Frameworks */,
				0590F8192E4CAF0700CEFF37 /* Resources */,
			);
			buildRules = (
			);
			dependencies = (
			);
			fileSystemSynchronizedGroups = (
				0590F81D2E4CAF0700CEFF37 /* DotaHeroes */,
			);
			name = DotaHeroes;
			packageProductDependencies = (
				0590F84D2E4CB19400CEFF37 /* RxCocoa */,
				0590F84F2E4CB19400CEFF37 /* RxRelay */,
				0590F8512E4CB19400CEFF37 /* RxSwift */,
				0590F87F2E4CCBFD00CEFF37 /* RxAlamofire */,
				0590F8902E4CFC3B00CEFF37 /* Kingfisher */,
				0590F8A62E4D0E1100CEFF37 /* Alamofire */,
			);
			productName = DotaHeroes;
			productReference = 0590F81B2E4CAF0700CEFF37 /* DotaHeroes.app */;
			productType = "com.apple.product-type.application";
		};
/* End PBXNativeTarget section */

/* Begin PBXProject section */
		0590F8132E4CAF0700CEFF37 /* Project object */ = {
			isa = PBXProject;
			attributes = {
				BuildIndependentTargetsInParallel = 1;
				LastSwiftUpdateCheck = 1640;
				LastUpgradeCheck = 1640;
				TargetAttributes = {
					0590F81A2E4CAF0700CEFF37 = {
						CreatedOnToolsVersion = 16.4;
					};
				};
			};
			buildConfigurationList = 0590F8162E4CAF0700CEFF37 /* Build configuration list for PBXProject "DotaHeroes" */;
			developmentRegion = en;
			hasScannedForEncodings = 0;
			knownRegions = (
				en,
				Base,
			);
			mainGroup = 0590F8122E4CAF0700CEFF37;
			minimizedProjectReferenceProxies = 1;
			packageReferences = (
				0590F84C2E4CB19400CEFF37 /* XCRemoteSwiftPackageReference "RxSwift" */,
				0590F87E2E4CCBFD00CEFF37 /* XCRemoteSwiftPackageReference "RxAlamofire" */,
				0590F88F2E4CFC3B00CEFF37 /* XCRemoteSwiftPackageReference "Kingfisher" */,
				0590F8A52E4D0E1100CEFF37 /* XCRemoteSwiftPackageReference "Alamofire" */,
			);
			preferredProjectObjectVersion = 77;
			productRefGroup = 0590F81C2E4CAF0700CEFF37 /* Products */;
			projectDirPath = "";
			projectRoot = "";
			targets = (
				0590F81A2E4CAF0700CEFF37 /* DotaHeroes */,
			);
		};
/* End PBXProject section */

/* Begin PBXResourcesBuildPhase section */
		0590F8192E4CAF0700CEFF37 /* Resources */ = {
			isa = PBXResourcesBuildPhase;
			buildActionMask = 2147483647;
			files = (
			);
			runOnlyForDeploymentPostprocessing = 0;
		};
/* End PBXResourcesBuildPhase section */

/* Begin PBXSourcesBuildPhase section */
		0590F8172E4CAF0700CEFF37 /* Sources */ = {
			isa = PBXSourcesBuildPhase;
			buildActionMask = 2147483647;
			files = (
			);
			runOnlyForDeploymentPostprocessing = 0;
		};
/* End PBXSourcesBuildPhase section */

/* Begin XCBuildConfiguration section */
		0590F82F2E4CAF0900CEFF37 /* Debug */ = {
			isa = XCBuildConfiguration;
			buildSettings = {
				ASSETCATALOG_COMPILER_APPICON_NAME = AppIcon;
				ASSETCATALOG_COMPILER_GLOBAL_ACCENT_COLOR_NAME = AccentColor;
				CODE_SIGN_STYLE = Automatic;
				CURRENT_PROJECT_VERSION = 1;
				DEVELOPMENT_TEAM = QSNJ9UDHM7;
				GENERATE_INFOPLIST_FILE = YES;
				INFOPLIST_FILE = DotaHeroes/Info.plist;
				INFOPLIST_KEY_UIApplicationSupportsIndirectInputEvents = YES;
				INFOPLIST_KEY_UILaunchStoryboardName = LaunchScreen;
				INFOPLIST_KEY_UIMainStoryboardFile = Main;
				INFOPLIST_KEY_UISupportedInterfaceOrientations_iPad = "UIInterfaceOrientationPortrait UIInterfaceOrientationPortraitUpsideDown UIInterfaceOrientationLandscapeLeft UIInterfaceOrientationLandscapeRight";
				INFOPLIST_KEY_UISupportedInterfaceOrientations_iPhone = "UIInterfaceOrientationPortrait UIInterfaceOrientationLandscapeLeft UIInterfaceOrientationLandscapeRight";
				LD_RUNPATH_SEARCH_PATHS = (
					"$(inherited)",
					"@executable_path/Frameworks",
				);
				MARKETING_VERSION = 1.0;
				PRODUCT_BUNDLE_IDENTIFIER = dev.knottx.DotaHeroes;
				PRODUCT_NAME = "$(TARGET_NAME)";
				SWIFT_EMIT_LOC_STRINGS = YES;
				SWIFT_VERSION = 5.0;
				TARGETED_DEVICE_FAMILY = "1,2";
			};
			name = Debug;
		};
		0590F8302E4CAF0900CEFF37 /* Release */ = {
			isa = XCBuildConfiguration;
			buildSettings = {
				ASSETCATALOG_COMPILER_APPICON_NAME = AppIcon;
				ASSETCATALOG_COMPILER_GLOBAL_ACCENT_COLOR_NAME = AccentColor;
				CODE_SIGN_STYLE = Automatic;
				CURRENT_PROJECT_VERSION = 1;
				DEVELOPMENT_TEAM = QSNJ9UDHM7;
				GENERATE_INFOPLIST_FILE = YES;
				INFOPLIST_FILE = DotaHeroes/Info.plist;
				INFOPLIST_KEY_UIApplicationSupportsIndirectInputEvents = YES;
				INFOPLIST_KEY_UILaunchStoryboardName = LaunchScreen;
				INFOPLIST_KEY_UIMainStoryboardFile = Main;
				INFOPLIST_KEY_UISupportedInterfaceOrientations_iPad = "UIInterfaceOrientationPortrait UIInterfaceOrientationPortraitUpsideDown UIInterfaceOrientationLandscapeLeft UIInterfaceOrientationLandscapeRight";
				INFOPLIST_KEY_UISupportedInterfaceOrientations_iPhone = "UIInterfaceOrientationPortrait UIInterfaceOrientationLandscapeLeft UIInterfaceOrientationLandscapeRight";
				LD_RUNPATH_SEARCH_PATHS = (
					"$(inherited)",
					"@executable_path/Frameworks",
				);
				MARKETING_VERSION = 1.0;
				PRODUCT_BUNDLE_IDENTIFIER = dev.knottx.DotaHeroes;
				PRODUCT_NAME = "$(TARGET_NAME)";
				SWIFT_EMIT_LOC_STRINGS = YES;
				SWIFT_VERSION = 5.0;
				TARGETED_DEVICE_FAMILY = "1,2";
			};
			name = Release;
		};
		0590F8312E4CAF0900CEFF37 /* Debug */ = {
			isa = XCBuildConfiguration;
			buildSettings = {
				ALWAYS_SEARCH_USER_PATHS = NO;
				ASSETCATALOG_COMPILER_GENERATE_SWIFT_ASSET_SYMBOL_EXTENSIONS = YES;
				CLANG_ANALYZER_NONNULL = YES;
				CLANG_ANALYZER_NUMBER_OBJECT_CONVERSION = YES_AGGRESSIVE;
				CLANG_CXX_LANGUAGE_STANDARD = "gnu++20";
				CLANG_ENABLE_MODULES = YES;
				CLANG_ENABLE_OBJC_ARC = YES;
				CLANG_ENABLE_OBJC_WEAK = YES;
				CLANG_WARN_BLOCK_CAPTURE_AUTORELEASING = YES;
				CLANG_WARN_BOOL_CONVERSION = YES;
				CLANG_WARN_COMMA = YES;
				CLANG_WARN_CONSTANT_CONVERSION = YES;
				CLANG_WARN_DEPRECATED_OBJC_IMPLEMENTATIONS = YES;
				CLANG_WARN_DIRECT_OBJC_ISA_USAGE = YES_ERROR;
				CLANG_WARN_DOCUMENTATION_COMMENTS = YES;
				CLANG_WARN_EMPTY_BODY = YES;
				CLANG_WARN_ENUM_CONVERSION = YES;
				CLANG_WARN_INFINITE_RECURSION = YES;
				CLANG_WARN_INT_CONVERSION = YES;
				CLANG_WARN_NON_LITERAL_NULL_CONVERSION = YES;
				CLANG_WARN_OBJC_IMPLICIT_RETAIN_SELF = YES;
				CLANG_WARN_OBJC_LITERAL_CONVERSION = YES;
				CLANG_WARN_OBJC_ROOT_CLASS = YES_ERROR;
				CLANG_WARN_QUOTED_INCLUDE_IN_FRAMEWORK_HEADER = YES;
				CLANG_WARN_RANGE_LOOP_ANALYSIS = YES;
				CLANG_WARN_STRICT_PROTOTYPES = YES;
				CLANG_WARN_SUSPICIOUS_MOVE = YES;
				CLANG_WARN_UNGUARDED_AVAILABILITY = YES_AGGRESSIVE;
				CLANG_WARN_UNREACHABLE_CODE = YES;
				CLANG_WARN__DUPLICATE_METHOD_MATCH = YES;
				COPY_PHASE_STRIP = NO;
				DEBUG_INFORMATION_FORMAT = dwarf;
				DEVELOPMENT_TEAM = QSNJ9UDHM7;
				ENABLE_STRICT_OBJC_MSGSEND = YES;
				ENABLE_TESTABILITY = YES;
				ENABLE_USER_SCRIPT_SANDBOXING = YES;
				GCC_C_LANGUAGE_STANDARD = gnu17;
				GCC_DYNAMIC_NO_PIC = NO;
				GCC_NO_COMMON_BLOCKS = YES;
				GCC_OPTIMIZATION_LEVEL = 0;
				GCC_PREPROCESSOR_DEFINITIONS = (
					"DEBUG=1",
					"$(inherited)",
				);
				GCC_WARN_64_TO_32_BIT_CONVERSION = YES;
				GCC_WARN_ABOUT_RETURN_TYPE = YES_ERROR;
				GCC_WARN_UNDECLARED_SELECTOR = YES;
				GCC_WARN_UNINITIALIZED_AUTOS = YES_AGGRESSIVE;
				GCC_WARN_UNUSED_FUNCTION = YES;
				GCC_WARN_UNUSED_VARIABLE = YES;
				IPHONEOS_DEPLOYMENT_TARGET = 18.5;
				LOCALIZATION_PREFERS_STRING_CATALOGS = YES;
				MTL_ENABLE_DEBUG_INFO = INCLUDE_SOURCE;
				MTL_FAST_MATH = YES;
				ONLY_ACTIVE_ARCH = YES;
				SDKROOT = iphoneos;
				SWIFT_ACTIVE_COMPILATION_CONDITIONS = "DEBUG $(inherited)";
				SWIFT_OPTIMIZATION_LEVEL = "-Onone";
			};
			name = Debug;
		};
		0590F8322E4CAF0900CEFF37 /* Release */ = {
			isa = XCBuildConfiguration;
			buildSettings = {
				ALWAYS_SEARCH_USER_PATHS = NO;
				ASSETCATALOG_COMPILER_GENERATE_SWIFT_ASSET_SYMBOL_EXTENSIONS = YES;
				CLANG_ANALYZER_NONNULL = YES;
				CLANG_ANALYZER_NUMBER_OBJECT_CONVERSION = YES_AGGRESSIVE;
				CLANG_CXX_LANGUAGE_STANDARD = "gnu++20";
				CLANG_ENABLE_MODULES = YES;
				CLANG_ENABLE_OBJC_ARC = YES;
				CLANG_ENABLE_OBJC_WEAK = YES;
				CLANG_WARN_BLOCK_CAPTURE_AUTORELEASING = YES;
				CLANG_WARN_BOOL_CONVERSION = YES;
				CLANG_WARN_COMMA = YES;
				CLANG_WARN_CONSTANT_CONVERSION = YES;
				CLANG_WARN_DEPRECATED_OBJC_IMPLEMENTATIONS = YES;
				CLANG_WARN_DIRECT_OBJC_ISA_USAGE = YES_ERROR;
				CLANG_WARN_DOCUMENTATION_COMMENTS = YES;
				CLANG_WARN_EMPTY_BODY = YES;
				CLANG_WARN_ENUM_CONVERSION = YES;
				CLANG_WARN_INFINITE_RECURSION = YES;
				CLANG_WARN_INT_CONVERSION = YES;
				CLANG_WARN_NON_LITERAL_NULL_CONVERSION = YES;
				CLANG_WARN_OBJC_IMPLICIT_RETAIN_SELF = YES;
				CLANG_WARN_OBJC_LITERAL_CONVERSION = YES;
				CLANG_WARN_OBJC_ROOT_CLASS = YES_ERROR;
				CLANG_WARN_QUOTED_INCLUDE_IN_FRAMEWORK_HEADER = YES;
				CLANG_WARN_RANGE_LOOP_ANALYSIS = YES;
				CLANG_WARN_STRICT_PROTOTYPES = YES;
				CLANG_WARN_SUSPICIOUS_MOVE = YES;
				CLANG_WARN_UNGUARDED_AVAILABILITY = YES_AGGRESSIVE;
				CLANG_WARN_UNREACHABLE_CODE = YES;
				CLANG_WARN__DUPLICATE_METHOD_MATCH = YES;
				COPY_PHASE_STRIP = NO;
				DEBUG_INFORMATION_FORMAT = "dwarf-with-dsym";
				DEVELOPMENT_TEAM = QSNJ9UDHM7;
				ENABLE_NS_ASSERTIONS = NO;
				ENABLE_STRICT_OBJC_MSGSEND = YES;
				ENABLE_USER_SCRIPT_SANDBOXING = YES;
				GCC_C_LANGUAGE_STANDARD = gnu17;
				GCC_NO_COMMON_BLOCKS = YES;
				GCC_WARN_64_TO_32_BIT_CONVERSION = YES;
				GCC_WARN_ABOUT_RETURN_TYPE = YES_ERROR;
				GCC_WARN_UNDECLARED_SELECTOR = YES;
				GCC_WARN_UNINITIALIZED_AUTOS = YES_AGGRESSIVE;
				GCC_WARN_UNUSED_FUNCTION = YES;
				GCC_WARN_UNUSED_VARIABLE = YES;
				IPHONEOS_DEPLOYMENT_TARGET = 18.5;
				LOCALIZATION_PREFERS_STRING_CATALOGS = YES;
				MTL_ENABLE_DEBUG_INFO = NO;
				MTL_FAST_MATH = YES;
				SDKROOT = iphoneos;
				SWIFT_COMPILATION_MODE = wholemodule;
				VALIDATE_PRODUCT = YES;
			};
			name = Release;
		};
/* End XCBuildConfiguration section */

/* Begin XCConfigurationList section */
		0590F8162E4CAF0700CEFF37 /* Build configuration list for PBXProject "DotaHeroes" */ = {
			isa = XCConfigurationList;
			buildConfigurations = (
				0590F8312E4CAF0900CEFF37 /* Debug */,
				0590F8322E4CAF0900CEFF37 /* Release */,
			);
			defaultConfigurationIsVisible = 0;
			defaultConfigurationName = Release;
		};
		0590F82E2E4CAF0900CEFF37 /* Build configuration list for PBXNativeTarget "DotaHeroes" */ = {
			isa = XCConfigurationList;
			buildConfigurations = (
				0590F82F2E4CAF0900CEFF37 /* Debug */,
				0590F8302E4CAF0900CEFF37 /* Release */,
			);
			defaultConfigurationIsVisible = 0;
			defaultConfigurationName = Release;
		};
/* End XCConfigurationList section */

/* Begin XCRemoteSwiftPackageReference section */
		0590F84C2E4CB19400CEFF37 /* XCRemoteSwiftPackageReference "RxSwift" */ = {
			isa = XCRemoteSwiftPackageReference;
			repositoryURL = "https://github.com/ReactiveX/RxSwift";
			requirement = {
				kind = upToNextMajorVersion;
				minimumVersion = 6.9.0;
			};
		};
		0590F87E2E4CCBFD00CEFF37 /* XCRemoteSwiftPackageReference "RxAlamofire" */ = {
			isa = XCRemoteSwiftPackageReference;
			repositoryURL = "https://github.com/RxSwiftCommunity/RxAlamofire";
			requirement = {
				kind = upToNextMajorVersion;
				minimumVersion = 6.1.2;
			};
		};
		0590F88F2E4CFC3B00CEFF37 /* XCRemoteSwiftPackageReference "Kingfisher" */ = {
			isa = XCRemoteSwiftPackageReference;
			repositoryURL = "https://github.com/onevcat/Kingfisher";
			requirement = {
				kind = upToNextMajorVersion;
				minimumVersion = 8.5.0;
			};
		};
		0590F8A52E4D0E1100CEFF37 /* XCRemoteSwiftPackageReference "Alamofire" */ = {
			isa = XCRemoteSwiftPackageReference;
			repositoryURL = "https://github.com/Alamofire/Alamofire";
			requirement = {
				kind = upToNextMajorVersion;
				minimumVersion = 5.10.2;
			};
		};
/* End XCRemoteSwiftPackageReference section */

/* Begin XCSwiftPackageProductDependency section */
		0590F84D2E4CB19400CEFF37 /* RxCocoa */ = {
			isa = XCSwiftPackageProductDependency;
			package = 0590F84C2E4CB19400CEFF37 /* XCRemoteSwiftPackageReference "RxSwift" */;
			productName = RxCocoa;
		};
		0590F84F2E4CB19400CEFF37 /* RxRelay */ = {
			isa = XCSwiftPackageProductDependency;
			package = 0590F84C2E4CB19400CEFF37 /* XCRemoteSwiftPackageReference "RxSwift" */;
			productName = RxRelay;
		};
		0590F8512E4CB19400CEFF37 /* RxSwift */ = {
			isa = XCSwiftPackageProductDependency;
			package = 0590F84C2E4CB19400CEFF37 /* XCRemoteSwiftPackageReference "RxSwift" */;
			productName = RxSwift;
		};
		0590F87F2E4CCBFD00CEFF37 /* RxAlamofire */ = {
			isa = XCSwiftPackageProductDependency;
			package = 0590F87E2E4CCBFD00CEFF37 /* XCRemoteSwiftPackageReference "RxAlamofire" */;
			productName = RxAlamofire;
		};
		0590F8902E4CFC3B00CEFF37 /* Kingfisher */ = {
			isa = XCSwiftPackageProductDependency;
			package = 0590F88F2E4CFC3B00CEFF37 /* XCRemoteSwiftPackageReference "Kingfisher" */;
			productName = Kingfisher;
		};
		0590F8A62E4D0E1100CEFF37 /* Alamofire */ = {
			isa = XCSwiftPackageProductDependency;
			package = 0590F8A52E4D0E1100CEFF37 /* XCRemoteSwiftPackageReference "Alamofire" */;
			productName = Alamofire;
		};
/* End XCSwiftPackageProductDependency section */
	};
	rootObject = 0590F8132E4CAF0700CEFF37 /* Project object */;
}
